
Microsoft Visual Studio Solution File, Format Version 12.00
# Visual Studio 15
VisualStudioVersion = 15.0.28307.1758
MinimumVisualStudioVersion = 10.0.40219.1
Project("{FAE04EC0-301F-11D3-BF4B-00C04F79EFBC}") = "Hesaplama", "Hesaplama\Hesaplama.csproj", "{4660B6A7-0C61-4DC6-8330-B694006F0707}"
EndProject
Global
	GlobalSection(SolutionConfigurationPlatforms) = preSolution
		Debug|Any CPU = Debug|Any CPU
		Release|Any CPU = Release|Any CPU
	EndGlobalSection
	GlobalSection(ProjectConfigurationPlatforms) = postSolution
		{4660B6A7-0C61-4DC6-8330-B694006F0707}.Debug|Any CPU.ActiveCfg = Debug|Any CPU
		{4660B6A7-0C61-4DC6-8330-B694006F0707}.Debug|Any CPU.Build.0 = Debug|Any CPU
		{4660B6A7-0C61-4DC6-8330-B694006F0707}.Release|Any CPU.ActiveCfg = Release|Any CPU
		{4660B6A7-0C61-4DC6-8330-B694006F0707}.Release|Any CPU.Build.0 = Release|Any CPU
	EndGlobalSection
	GlobalSection(SolutionProperties) = preSolution
		HideSolutionNode = FALSE
	EndGlobalSection
	GlobalSection(ExtensibilityGlobals) = postSolution
		SolutionGuid = {BC4B02E8-94DB-4ECD-9FAA-2D3863DA9DDF}
	EndGlobalSection
EndGlobal
